
Microsoft Visual Studio Solution File, Format Version 12.00
# Visual Studio 2013
VisualStudioVersion = 12.0.31101.0
MinimumVisualStudioVersion = 10.0.40219.1
Project("{FAE04EC0-301F-11D3-BF4B-00C04F79EFBC}") = "DemoCloudWebSite", "DemoCloudWebSite\DemoCloudWebSite.csproj", "{AB82D17C-7334-467A-B174-58589AA60FAE}"
EndProject
Global
	GlobalSection(SolutionConfigurationPlatforms) = preSolution
		Debug|Any CPU = Debug|Any CPU
		Release|Any CPU = Release|Any CPU
	EndGlobalSection
	GlobalSection(ProjectConfigurationPlatforms) = postSolution
		{AB82D17C-7334-467A-B174-58589AA60FAE}.Debug|Any CPU.ActiveCfg = Debug|Any CPU
		{AB82D17C-7334-467A-B174-58589AA60FAE}.Debug|Any CPU.Build.0 = Debug|Any CPU
		{AB82D17C-7334-467A-B174-58589AA60FAE}.Release|Any CPU.ActiveCfg = Release|Any CPU
		{AB82D17C-7334-467A-B174-58589AA60FAE}.Release|Any CPU.Build.0 = Release|Any CPU
	EndGlobalSection
	GlobalSection(SolutionProperties) = preSolution
		HideSolutionNode = FALSE
	EndGlobalSection
EndGlobal
